// !$*UTF8*$!
{
	archiveVersion = 1;
	classes = {
	};
	objectVersion = 52;
	objects = {

/* Begin PBXBuildFile section */
		A567261526A6CE1000FBAD9A /* News_AppApp.swift in Sources */ = {isa = PBXBuildFile; fileRef = A567261426A6CE1000FBAD9A /* News_AppApp.swift */; };
		A567261926A6CE1200FBAD9A /* Assets.xcassets in Resources */ = {isa = PBXBuildFile; fileRef = A567261826A6CE1200FBAD9A /* Assets.xcassets */; };
		A567261C26A6CE1200FBAD9A /* Preview Assets.xcassets in Resources */ = {isa = PBXBuildFile; fileRef = A567261B26A6CE1200FBAD9A /* Preview Assets.xcassets */; };
		A567262526A6D06E00FBAD9A /* HomeView.swift in Sources */ = {isa = PBXBuildFile; fileRef = A567262426A6D06E00FBAD9A /* HomeView.swift */; };
		A567262826A6D24700FBAD9A /* NewsResponse.swift in Sources */ = {isa = PBXBuildFile; fileRef = A567262726A6D24700FBAD9A /* NewsResponse.swift */; };
		A567262B26A6D36900FBAD9A /* NewsEndPoint.swift in Sources */ = {isa = PBXBuildFile; fileRef = A567262A26A6D36900FBAD9A /* NewsEndPoint.swift */; };
		A567262E26A6E9E700FBAD9A /* APIError.swift in Sources */ = {isa = PBXBuildFile; fileRef = A567262D26A6E9E700FBAD9A /* APIError.swift */; };
		A567263126A6EE5100FBAD9A /* NewsService.swift in Sources */ = {isa = PBXBuildFile; fileRef = A567263026A6EE5100FBAD9A /* NewsService.swift */; };
		A567263426A7077A00FBAD9A /* ResultState.swift in Sources */ = {isa = PBXBuildFile; fileRef = A567263326A7077A00FBAD9A /* ResultState.swift */; };
		A567263726A70F3700FBAD9A /* NewsViewModel.swift in Sources */ = {isa = PBXBuildFile; fileRef = A567263626A70F3700FBAD9A /* NewsViewModel.swift */; };
		A567263A26A718FF00FBAD9A /* URLImageStore in Frameworks */ = {isa = PBXBuildFile; productRef = A567263926A718FF00FBAD9A /* URLImageStore */; };
		A567263C26A718FF00FBAD9A /* URLImage in Frameworks */ = {isa = PBXBuildFile; productRef = A567263B26A718FF00FBAD9A /* URLImage */; };
		A567263E26A7191E00FBAD9A /* ArticleView.swift in Sources */ = {isa = PBXBuildFile; fileRef = A567263D26A7191E00FBAD9A /* ArticleView.swift */; };
		A567264026A7A75800FBAD9A /* ErrorView.swift in Sources */ = {isa = PBXBuildFile; fileRef = A567263F26A7A75800FBAD9A /* ErrorView.swift */; };
/* End PBXBuildFile section */

/* Begin PBXFileReference section */
		A567261126A6CE1000FBAD9A /* News App.app */ = {isa = PBXFileReference; explicitFileType = wrapper.application; includeInIndex = 0; path = "News App.app"; sourceTree = BUILT_PRODUCTS_DIR; };
		A567261426A6CE1000FBAD9A /* News_AppApp.swift */ = {isa = PBXFileReference; lastKnownFileType = sourcecode.swift; path = News_AppApp.swift; sourceTree = "<group>"; };
		A567261826A6CE1200FBAD9A /* Assets.xcassets */ = {isa = PBXFileReference; lastKnownFileType = folder.assetcatalog; path = Assets.xcassets; sourceTree = "<group>"; };
		A567261B26A6CE1200FBAD9A /* Preview Assets.xcassets */ = {isa = PBXFileReference; lastKnownFileType = folder.assetcatalog; path = "Preview Assets.xcassets"; sourceTree = "<group>"; };
		A567261D26A6CE1200FBAD9A /* Info.plist */ = {isa = PBXFileReference; lastKnownFileType = text.plist.xml; path = Info.plist; sourceTree = "<group>"; };
		A567262426A6D06E00FBAD9A /* HomeView.swift */ = {isa = PBXFileReference; lastKnownFileType = sourcecode.swift; path = HomeView.swift; sourceTree = "<group>"; };
		A567262726A6D24700FBAD9A /* NewsResponse.swift */ = {isa = PBXFileReference; lastKnownFileType = sourcecode.swift; path = NewsResponse.swift; sourceTree = "<group>"; };
		A567262A26A6D36900FBAD9A /* NewsEndPoint.swift */ = {isa = PBXFileReference; lastKnownFileType = sourcecode.swift; path = NewsEndPoint.swift; sourceTree = "<group>"; };
		A567262D26A6E9E700FBAD9A /* APIError.swift */ = {isa = PBXFileReference; lastKnownFileType = sourcecode.swift; path = APIError.swift; sourceTree = "<group>"; };
		A567263026A6EE5100FBAD9A /* NewsService.swift */ = {isa = PBXFileReference; lastKnownFileType = sourcecode.swift; path = NewsService.swift; sourceTree = "<group>"; };
		A567263326A7077A00FBAD9A /* ResultState.swift */ = {isa = PBXFileReference; lastKnownFileType = sourcecode.swift; path = ResultState.swift; sourceTree = "<group>"; };
		A567263626A70F3700FBAD9A /* NewsViewModel.swift */ = {isa = PBXFileReference; lastKnownFileType = sourcecode.swift; path = NewsViewModel.swift; sourceTree = "<group>"; };
		A567263D26A7191E00FBAD9A /* ArticleView.swift */ = {isa = PBXFileReference; lastKnownFileType = sourcecode.swift; path = ArticleView.swift; sourceTree = "<group>"; };
		A567263F26A7A75800FBAD9A /* ErrorView.swift */ = {isa = PBXFileReference; lastKnownFileType = sourcecode.swift; path = ErrorView.swift; sourceTree = "<group>"; };
/* End PBXFileReference section */

/* Begin PBXFrameworksBuildPhase section */
		A567260E26A6CE1000FBAD9A /* Frameworks */ = {
			isa = PBXFrameworksBuildPhase;
			buildActionMask = 2147483647;
			files = (
				A567263C26A718FF00FBAD9A /* URLImage in Frameworks */,
				A567263A26A718FF00FBAD9A /* URLImageStore in Frameworks */,
			);
			runOnlyForDeploymentPostprocessing = 0;
		};
/* End PBXFrameworksBuildPhase section */

/* Begin PBXGroup section */
		A567260826A6CE1000FBAD9A = {
			isa = PBXGroup;
			children = (
				A567261326A6CE1000FBAD9A /* News App */,
				A567261226A6CE1000FBAD9A /* Products */,
			);
			sourceTree = "<group>";
		};
		A567261226A6CE1000FBAD9A /* Products */ = {
			isa = PBXGroup;
			children = (
				A567261126A6CE1000FBAD9A /* News App.app */,
			);
			name = Products;
			sourceTree = "<group>";
		};
		A567261326A6CE1000FBAD9A /* News App */ = {
			isa = PBXGroup;
			children = (
				A567263526A70F1900FBAD9A /* ViewModel */,
				A567263226A7076800FBAD9A /* States */,
				A567262F26A6EE2E00FBAD9A /* Service */,
				A567262C26A6E9D700FBAD9A /* Error */,
				A567262926A6D35000FBAD9A /* EndPoint */,
				A567262626A6D23300FBAD9A /* Model */,
				A567262326A6D05B00FBAD9A /* Views */,
				A567261426A6CE1000FBAD9A /* News_AppApp.swift */,
				A567261826A6CE1200FBAD9A /* Assets.xcassets */,
				A567261D26A6CE1200FBAD9A /* Info.plist */,
				A567261A26A6CE1200FBAD9A /* Preview Content */,
			);
			path = "News App";
			sourceTree = "<group>";
		};
		A567261A26A6CE1200FBAD9A /* Preview Content */ = {
			isa = PBXGroup;
			children = (
				A567261B26A6CE1200FBAD9A /* Preview Assets.xcassets */,
			);
			path = "Preview Content";
			sourceTree = "<group>";
		};
		A567262326A6D05B00FBAD9A /* Views */ = {
			isa = PBXGroup;
			children = (
				A567262426A6D06E00FBAD9A /* HomeView.swift */,
				A567263D26A7191E00FBAD9A /* ArticleView.swift */,
				A567263F26A7A75800FBAD9A /* ErrorView.swift */,
			);
			path = Views;
			sourceTree = "<group>";
		};
		A567262626A6D23300FBAD9A /* Model */ = {
			isa = PBXGroup;
			children = (
				A567262726A6D24700FBAD9A /* NewsResponse.swift */,
			);
			path = Model;
			sourceTree = "<group>";
		};
		A567262926A6D35000FBAD9A /* EndPoint */ = {
			isa = PBXGroup;
			children = (
				A567262A26A6D36900FBAD9A /* NewsEndPoint.swift */,
			);
			path = EndPoint;
			sourceTree = "<group>";
		};
		A567262C26A6E9D700FBAD9A /* Error */ = {
			isa = PBXGroup;
			children = (
				A567262D26A6E9E700FBAD9A /* APIError.swift */,
			);
			path = Error;
			sourceTree = "<group>";
		};
		A567262F26A6EE2E00FBAD9A /* Service */ = {
			isa = PBXGroup;
			children = (
				A567263026A6EE5100FBAD9A /* NewsService.swift */,
			);
			path = Service;
			sourceTree = "<group>";
		};
		A567263226A7076800FBAD9A /* States */ = {
			isa = PBXGroup;
			children = (
				A567263326A7077A00FBAD9A /* ResultState.swift */,
			);
			path = States;
			sourceTree = "<group>";
		};
		A567263526A70F1900FBAD9A /* ViewModel */ = {
			isa = PBXGroup;
			children = (
				A567263626A70F3700FBAD9A /* NewsViewModel.swift */,
			);
			path = ViewModel;
			sourceTree = "<group>";
		};
/* End PBXGroup section */

/* Begin PBXNativeTarget section */
		A567261026A6CE1000FBAD9A /* News App */ = {
			isa = PBXNativeTarget;
			buildConfigurationList = A567262026A6CE1200FBAD9A /* Build configuration list for PBXNativeTarget "News App" */;
			buildPhases = (
				A567260D26A6CE1000FBAD9A /* Sources */,
				A567260E26A6CE1000FBAD9A /* Frameworks */,
				A567260F26A6CE1000FBAD9A /* Resources */,
			);
			buildRules = (
			);
			dependencies = (
			);
			name = "News App";
			packageProductDependencies = (
				A567263926A718FF00FBAD9A /* URLImageStore */,
				A567263B26A718FF00FBAD9A /* URLImage */,
			);
			productName = "News App";
			productReference = A567261126A6CE1000FBAD9A /* News App.app */;
			productType = "com.apple.product-type.application";
		};
/* End PBXNativeTarget section */

/* Begin PBXProject section */
		A567260926A6CE1000FBAD9A /* Project object */ = {
			isa = PBXProject;
			attributes = {
				LastSwiftUpdateCheck = 1250;
				LastUpgradeCheck = 1250;
				TargetAttributes = {
					A567261026A6CE1000FBAD9A = {
						CreatedOnToolsVersion = 12.5.1;
					};
				};
			};
			buildConfigurationList = A567260C26A6CE1000FBAD9A /* Build configuration list for PBXProject "News App" */;
			compatibilityVersion = "Xcode 9.3";
			developmentRegion = en;
			hasScannedForEncodings = 0;
			knownRegions = (
				en,
				Base,
			);
			mainGroup = A567260826A6CE1000FBAD9A;
			packageReferences = (
				A567263826A718FF00FBAD9A /* XCRemoteSwiftPackageReference "url-image" */,
			);
			productRefGroup = A567261226A6CE1000FBAD9A /* Products */;
			projectDirPath = "";
			projectRoot = "";
			targets = (
				A567261026A6CE1000FBAD9A /* News App */,
			);
		};
/* End PBXProject section */

/* Begin PBXResourcesBuildPhase section */
		A567260F26A6CE1000FBAD9A /* Resources */ = {
			isa = PBXResourcesBuildPhase;
			buildActionMask = 2147483647;
			files = (
				A567261C26A6CE1200FBAD9A /* Preview Assets.xcassets in Resources */,
				A567261926A6CE1200FBAD9A /* Assets.xcassets in Resources */,
			);
			runOnlyForDeploymentPostprocessing = 0;
		};
/* End PBXResourcesBuildPhase section */

/* Begin PBXSourcesBuildPhase section */
		A567260D26A6CE1000FBAD9A /* Sources */ = {
			isa = PBXSourcesBuildPhase;
			buildActionMask = 2147483647;
			files = (
				A567263426A7077A00FBAD9A /* ResultState.swift in Sources */,
				A567263126A6EE5100FBAD9A /* NewsService.swift in Sources */,
				A567262526A6D06E00FBAD9A /* HomeView.swift in Sources */,
				A567261526A6CE1000FBAD9A /* News_AppApp.swift in Sources */,
				A567262B26A6D36900FBAD9A /* NewsEndPoint.swift in Sources */,
				A567264026A7A75800FBAD9A /* ErrorView.swift in Sources */,
				A567262E26A6E9E700FBAD9A /* APIError.swift in Sources */,
				A567262826A6D24700FBAD9A /* NewsResponse.swift in Sources */,
				A567263E26A7191E00FBAD9A /* ArticleView.swift in Sources */,
				A567263726A70F3700FBAD9A /* NewsViewModel.swift in Sources */,
			);
			runOnlyForDeploymentPostprocessing = 0;
		};
/* End PBXSourcesBuildPhase section */

/* Begin XCBuildConfiguration section */
		A567261E26A6CE1200FBAD9A /* Debug */ = {
			isa = XCBuildConfiguration;
			buildSettings = {
				ALWAYS_SEARCH_USER_PATHS = NO;
				CLANG_ANALYZER_NONNULL = YES;
				CLANG_ANALYZER_NUMBER_OBJECT_CONVERSION = YES_AGGRESSIVE;
				CLANG_CXX_LANGUAGE_STANDARD = "gnu++14";
				CLANG_CXX_LIBRARY = "libc++";
				CLANG_ENABLE_MODULES = YES;
				CLANG_ENABLE_OBJC_ARC = YES;
				CLANG_ENABLE_OBJC_WEAK = YES;
				CLANG_WARN_BLOCK_CAPTURE_AUTORELEASING = YES;
				CLANG_WARN_BOOL_CONVERSION = YES;
				CLANG_WARN_COMMA = YES;
				CLANG_WARN_CONSTANT_CONVERSION = YES;
				CLANG_WARN_DEPRECATED_OBJC_IMPLEMENTATIONS = YES;
				CLANG_WARN_DIRECT_OBJC_ISA_USAGE = YES_ERROR;
				CLANG_WARN_DOCUMENTATION_COMMENTS = YES;
				CLANG_WARN_EMPTY_BODY = YES;
				CLANG_WARN_ENUM_CONVERSION = YES;
				CLANG_WARN_INFINITE_RECURSION = YES;
				CLANG_WARN_INT_CONVERSION = YES;
				CLANG_WARN_NON_LITERAL_NULL_CONVERSION = YES;
				CLANG_WARN_OBJC_IMPLICIT_RETAIN_SELF = YES;
				CLANG_WARN_OBJC_LITERAL_CONVERSION = YES;
				CLANG_WARN_OBJC_ROOT_CLASS = YES_ERROR;
				CLANG_WARN_QUOTED_INCLUDE_IN_FRAMEWORK_HEADER = YES;
				CLANG_WARN_RANGE_LOOP_ANALYSIS = YES;
				CLANG_WARN_STRICT_PROTOTYPES = YES;
				CLANG_WARN_SUSPICIOUS_MOVE = YES;
				CLANG_WARN_UNGUARDED_AVAILABILITY = YES_AGGRESSIVE;
				CLANG_WARN_UNREACHABLE_CODE = YES;
				CLANG_WARN__DUPLICATE_METHOD_MATCH = YES;
				COPY_PHASE_STRIP = NO;
				DEBUG_INFORMATION_FORMAT = dwarf;
				ENABLE_STRICT_OBJC_MSGSEND = YES;
				ENABLE_TESTABILITY = YES;
				GCC_C_LANGUAGE_STANDARD = gnu11;
				GCC_DYNAMIC_NO_PIC = NO;
				GCC_NO_COMMON_BLOCKS = YES;
				GCC_OPTIMIZATION_LEVEL = 0;
				GCC_PREPROCESSOR_DEFINITIONS = (
					"DEBUG=1",
					"$(inherited)",
				);
				GCC_WARN_64_TO_32_BIT_CONVERSION = YES;
				GCC_WARN_ABOUT_RETURN_TYPE = YES_ERROR;
				GCC_WARN_UNDECLARED_SELECTOR = YES;
				GCC_WARN_UNINITIALIZED_AUTOS = YES_AGGRESSIVE;
				GCC_WARN_UNUSED_FUNCTION = YES;
				GCC_WARN_UNUSED_VARIABLE = YES;
				IPHONEOS_DEPLOYMENT_TARGET = 14.5;
				MTL_ENABLE_DEBUG_INFO = INCLUDE_SOURCE;
				MTL_FAST_MATH = YES;
				ONLY_ACTIVE_ARCH = YES;
				SDKROOT = iphoneos;
				SWIFT_ACTIVE_COMPILATION_CONDITIONS = DEBUG;
				SWIFT_OPTIMIZATION_LEVEL = "-Onone";
			};
			name = Debug;
		};
		A567261F26A6CE1200FBAD9A /* Release */ = {
			isa = XCBuildConfiguration;
			buildSettings = {
				ALWAYS_SEARCH_USER_PATHS = NO;
				CLANG_ANALYZER_NONNULL = YES;
				CLANG_ANALYZER_NUMBER_OBJECT_CONVERSION = YES_AGGRESSIVE;
				CLANG_CXX_LANGUAGE_STANDARD = "gnu++14";
				CLANG_CXX_LIBRARY = "libc++";
				CLANG_ENABLE_MODULES = YES;
				CLANG_ENABLE_OBJC_ARC = YES;
				CLANG_ENABLE_OBJC_WEAK = YES;
				CLANG_WARN_BLOCK_CAPTURE_AUTORELEASING = YES;
				CLANG_WARN_BOOL_CONVERSION = YES;
				CLANG_WARN_COMMA = YES;
				CLANG_WARN_CONSTANT_CONVERSION = YES;
				CLANG_WARN_DEPRECATED_OBJC_IMPLEMENTATIONS = YES;
				CLANG_WARN_DIRECT_OBJC_ISA_USAGE = YES_ERROR;
				CLANG_WARN_DOCUMENTATION_COMMENTS = YES;
				CLANG_WARN_EMPTY_BODY = YES;
				CLANG_WARN_ENUM_CONVERSION = YES;
				CLANG_WARN_INFINITE_RECURSION = YES;
				CLANG_WARN_INT_CONVERSION = YES;
				CLANG_WARN_NON_LITERAL_NULL_CONVERSION = YES;
				CLANG_WARN_OBJC_IMPLICIT_RETAIN_SELF = YES;
				CLANG_WARN_OBJC_LITERAL_CONVERSION = YES;
				CLANG_WARN_OBJC_ROOT_CLASS = YES_ERROR;
				CLANG_WARN_QUOTED_INCLUDE_IN_FRAMEWORK_HEADER = YES;
				CLANG_WARN_RANGE_LOOP_ANALYSIS = YES;
				CLANG_WARN_STRICT_PROTOTYPES = YES;
				CLANG_WARN_SUSPICIOUS_MOVE = YES;
				CLANG_WARN_UNGUARDED_AVAILABILITY = YES_AGGRESSIVE;
				CLANG_WARN_UNREACHABLE_CODE = YES;
				CLANG_WARN__DUPLICATE_METHOD_MATCH = YES;
				COPY_PHASE_STRIP = NO;
				DEBUG_INFORMATION_FORMAT = "dwarf-with-dsym";
				ENABLE_NS_ASSERTIONS = NO;
				ENABLE_STRICT_OBJC_MSGSEND = YES;
				GCC_C_LANGUAGE_STANDARD = gnu11;
				GCC_NO_COMMON_BLOCKS = YES;
				GCC_WARN_64_TO_32_BIT_CONVERSION = YES;
				GCC_WARN_ABOUT_RETURN_TYPE = YES_ERROR;
				GCC_WARN_UNDECLARED_SELECTOR = YES;
				GCC_WARN_UNINITIALIZED_AUTOS = YES_AGGRESSIVE;
				GCC_WARN_UNUSED_FUNCTION = YES;
				GCC_WARN_UNUSED_VARIABLE = YES;
				IPHONEOS_DEPLOYMENT_TARGET = 14.5;
				MTL_ENABLE_DEBUG_INFO = NO;
				MTL_FAST_MATH = YES;
				SDKROOT = iphoneos;
				SWIFT_COMPILATION_MODE = wholemodule;
				SWIFT_OPTIMIZATION_LEVEL = "-O";
				VALIDATE_PRODUCT = YES;
			};
			name = Release;
		};
		A567262126A6CE1200FBAD9A /* Debug */ = {
			isa = XCBuildConfiguration;
			buildSettings = {
				ASSETCATALOG_COMPILER_APPICON_NAME = AppIcon;
				ASSETCATALOG_COMPILER_GLOBAL_ACCENT_COLOR_NAME = AccentColor;
				CODE_SIGN_STYLE = Automatic;
				DEVELOPMENT_ASSET_PATHS = "\"News App/Preview Content\"";
				DEVELOPMENT_TEAM = K5235MUW9G;
				ENABLE_PREVIEWS = YES;
				INFOPLIST_FILE = "News App/Info.plist";
				IPHONEOS_DEPLOYMENT_TARGET = 14.0;
				LD_RUNPATH_SEARCH_PATHS = (
					"$(inherited)",
					"@executable_path/Frameworks",
				);
				PRODUCT_BUNDLE_IDENTIFIER = "com.ruangaldo.News-App";
				PRODUCT_NAME = "$(TARGET_NAME)";
				SWIFT_VERSION = 5.0;
				TARGETED_DEVICE_FAMILY = "1,2";
			};
			name = Debug;
		};
		A567262226A6CE1200FBAD9A /* Release */ = {
			isa = XCBuildConfiguration;
			buildSettings = {
				ASSETCATALOG_COMPILER_APPICON_NAME = AppIcon;
				ASSETCATALOG_COMPILER_GLOBAL_ACCENT_COLOR_NAME = AccentColor;
				CODE_SIGN_STYLE = Automatic;
				DEVELOPMENT_ASSET_PATHS = "\"News App/Preview Content\"";
				DEVELOPMENT_TEAM = K5235MUW9G;
				ENABLE_PREVIEWS = YES;
				INFOPLIST_FILE = "News App/Info.plist";
				IPHONEOS_DEPLOYMENT_TARGET = 14.0;
				LD_RUNPATH_SEARCH_PATHS = (
					"$(inherited)",
					"@executable_path/Frameworks",
				);
				PRODUCT_BUNDLE_IDENTIFIER = "com.ruangaldo.News-App";
				PRODUCT_NAME = "$(TARGET_NAME)";
				SWIFT_VERSION = 5.0;
				TARGETED_DEVICE_FAMILY = "1,2";
			};
			name = Release;
		};
/* End XCBuildConfiguration section */

/* Begin XCConfigurationList section */
		A567260C26A6CE1000FBAD9A /* Build configuration list for PBXProject "News App" */ = {
			isa = XCConfigurationList;
			buildConfigurations = (
				A567261E26A6CE1200FBAD9A /* Debug */,
				A567261F26A6CE1200FBAD9A /* Release */,
			);
			defaultConfigurationIsVisible = 0;
			defaultConfigurationName = Release;
		};
		A567262026A6CE1200FBAD9A /* Build configuration list for PBXNativeTarget "News App" */ = {
			isa = XCConfigurationList;
			buildConfigurations = (
				A567262126A6CE1200FBAD9A /* Debug */,
				A567262226A6CE1200FBAD9A /* Release */,
			);
			defaultConfigurationIsVisible = 0;
			defaultConfigurationName = Release;
		};
/* End XCConfigurationList section */

/* Begin XCRemoteSwiftPackageReference section */
		A567263826A718FF00FBAD9A /* XCRemoteSwiftPackageReference "url-image" */ = {
			isa = XCRemoteSwiftPackageReference;
			repositoryURL = "https://github.com/dmytro-anokhin/url-image";
			requirement = {
				kind = upToNextMajorVersion;
				minimumVersion = 3.1.0;
			};
		};
/* End XCRemoteSwiftPackageReference section */

/* Begin XCSwiftPackageProductDependency section */
		A567263926A718FF00FBAD9A /* URLImageStore */ = {
			isa = XCSwiftPackageProductDependency;
			package = A567263826A718FF00FBAD9A /* XCRemoteSwiftPackageReference "url-image" */;
			productName = URLImageStore;
		};
		A567263B26A718FF00FBAD9A /* URLImage */ = {
			isa = XCSwiftPackageProductDependency;
			package = A567263826A718FF00FBAD9A /* XCRemoteSwiftPackageReference "url-image" */;
			productName = URLImage;
		};
/* End XCSwiftPackageProductDependency section */
	};
	rootObject = A567260926A6CE1000FBAD9A /* Project object */;
}
